
Microsoft Visual Studio Solution File, Format Version 12.00
# Visual Studio Version 17
VisualStudioVersion = 17.3.32922.545
MinimumVisualStudioVersion = 10.0.40219.1
Project("{FAE04EC0-301F-11D3-BF4B-00C04F79EFBC}") = "API", "API\API.csproj", "{2E7E9989-50AA-463B-AA2D-BBC94C6CFE96}"
EndProject
Global
	GlobalSection(SolutionConfigurationPlatforms) = preSolution
		Debug|Any CPU = Debug|Any CPU
		Release|Any CPU = Release|Any CPU
	EndGlobalSection
	GlobalSection(ProjectConfigurationPlatforms) = postSolution
		{2E7E9989-50AA-463B-AA2D-BBC94C6CFE96}.Debug|Any CPU.ActiveCfg = Debug|Any CPU
		{2E7E9989-50AA-463B-AA2D-BBC94C6CFE96}.Debug|Any CPU.Build.0 = Debug|Any CPU
		{2E7E9989-50AA-463B-AA2D-BBC94C6CFE96}.Release|Any CPU.ActiveCfg = Release|Any CPU
		{2E7E9989-50AA-463B-AA2D-BBC94C6CFE96}.Release|Any CPU.Build.0 = Release|Any CPU
	EndGlobalSection
	GlobalSection(SolutionProperties) = preSolution
		HideSolutionNode = FALSE
	EndGlobalSection
	GlobalSection(ExtensibilityGlobals) = postSolution
		SolutionGuid = {70E559CA-F362-42F4-A82D-AA430C328186}
	EndGlobalSection
EndGlobal
